
Microsoft Visual Studio Solution File, Format Version 12.00
# Visual Studio Version 17
VisualStudioVersion = 17.3.32929.385
MinimumVisualStudioVersion = 10.0.40219.1
Project("{FAE04EC0-301F-11D3-BF4B-00C04F79EFBC}") = "Proj_M1011_BrunoPinheiro", "Proj_M1011_BrunoPinheiro\Proj_M1011_BrunoPinheiro.csproj", "{B2E731EA-0D2D-48DB-8C55-CA519ECC3C9B}"
EndProject
Global
	GlobalSection(SolutionConfigurationPlatforms) = preSolution
		Debug|Any CPU = Debug|Any CPU
		Release|Any CPU = Release|Any CPU
	EndGlobalSection
	GlobalSection(ProjectConfigurationPlatforms) = postSolution
		{B2E731EA-0D2D-48DB-8C55-CA519ECC3C9B}.Debug|Any CPU.ActiveCfg = Debug|Any CPU
		{B2E731EA-0D2D-48DB-8C55-CA519ECC3C9B}.Debug|Any CPU.Build.0 = Debug|Any CPU
		{B2E731EA-0D2D-48DB-8C55-CA519ECC3C9B}.Release|Any CPU.ActiveCfg = Release|Any CPU
		{B2E731EA-0D2D-48DB-8C55-CA519ECC3C9B}.Release|Any CPU.Build.0 = Release|Any CPU
	EndGlobalSection
	GlobalSection(SolutionProperties) = preSolution
		HideSolutionNode = FALSE
	EndGlobalSection
	GlobalSection(ExtensibilityGlobals) = postSolution
		SolutionGuid = {3FA58059-9D7E-45A3-8C9B-9C5568ABC6DB}
	EndGlobalSection
EndGlobal
